
Microsoft Visual Studio Solution File, Format Version 12.00
# Visual Studio Version 17
VisualStudioVersion = 17.5.001.0
MinimumVisualStudioVersion = 10.0.40219.1
Project("{9A19103F-16F7-4668-BE54-9A1E7A4F7556}") = "tamagotchi", "tamagotchi.csproj", "{2BCAE347-BA8A-4E3D-9AB5-E40CC3BAAFB4}"
EndProject
Global
	GlobalSection(SolutionConfigurationPlatforms) = preSolution
		Debug|Any CPU = Debug|Any CPU
		Release|Any CPU = Release|Any CPU
	EndGlobalSection
	GlobalSection(ProjectConfigurationPlatforms) = postSolution
		{2BCAE347-BA8A-4E3D-9AB5-E40CC3BAAFB4}.Debug|Any CPU.ActiveCfg = Debug|Any CPU
		{2BCAE347-BA8A-4E3D-9AB5-E40CC3BAAFB4}.Debug|Any CPU.Build.0 = Debug|Any CPU
		{2BCAE347-BA8A-4E3D-9AB5-E40CC3BAAFB4}.Release|Any CPU.ActiveCfg = Release|Any CPU
		{2BCAE347-BA8A-4E3D-9AB5-E40CC3BAAFB4}.Release|Any CPU.Build.0 = Release|Any CPU
	EndGlobalSection
	GlobalSection(SolutionProperties) = preSolution
		HideSolutionNode = FALSE
	EndGlobalSection
	GlobalSection(ExtensibilityGlobals) = postSolution
		SolutionGuid = {0F8EE6ED-AF3D-4A59-9FA0-7E0C3002C676}
	EndGlobalSection
EndGlobal
